{
  "name": "normalizer",
  "version": "1.0.0",
  "lockfileVersion": 2,
  "requires": true,
  "packages": {
    "": {
      "name": "normalizer",
      "version": "1.0.0",
      "license": "ISC",
      "dependencies": {
        "@types/node": "^17.0.1"
      }
    },
    "node_modules/@types/node": {
      "version": "17.0.1",
      "resolved": "https://registry.npmjs.org/@types/node/-/node-17.0.1.tgz",
      "integrity": "sha512-NXKvBVUzIbs6ylBwmOwHFkZS2EXCcjnqr8ZCRNaXBkHAf+3mn/rPcJxwrzuc6movh8fxQAsUUfYklJ/EG+hZqQ=="
    }
  },
  "dependencies": {
    "@types/node": {
      "version": "17.0.1",
      "resolved": "https://registry.npmjs.org/@types/node/-/node-17.0.1.tgz",
      "integrity": "sha512-NXKvBVUzIbs6ylBwmOwHFkZS2EXCcjnqr8ZCRNaXBkHAf+3mn/rPcJxwrzuc6movh8fxQAsUUfYklJ/EG+hZqQ=="
    }
  }
}
